
Microsoft Visual Studio Solution File, Format Version 12.00
# Visual Studio Version 16
VisualStudioVersion = 16.0.30717.126
MinimumVisualStudioVersion = 10.0.40219.1
Project("{FAE04EC0-301F-11D3-BF4B-00C04F79EFBC}") = "CKS.Dev2015.Core.Cmd", "CKS.Dev2015.Core.Cmd\CKS.Dev2015.Core.Cmd.csproj", "{5671D635-160C-4BE6-B43C-43C99A308040}"
EndProject
Project("{FAE04EC0-301F-11D3-BF4B-00C04F79EFBC}") = "CKS.Dev2015.Core", "CKS.Dev2015.Core\CKS.Dev2015.Core.csproj", "{F5EAF304-52EB-4952-B0F3-176DCFC569D7}"
EndProject
Project("{FAE04EC0-301F-11D3-BF4B-00C04F79EFBC}") = "CKS.Dev2015.Core.Cmd.Imp.v4", "CKS.Dev2015.Core.Cmd.Imp.v4\CKS.Dev2015.Core.Cmd.Imp.v4.csproj", "{8C716A7B-E058-49F9-BDAE-0B05A13843DB}"
EndProject
Project("{FAE04EC0-301F-11D3-BF4B-00C04F79EFBC}") = "CKS.Dev2015.Core.Cmd.Imp.v5", "CKS.Dev2015.Core.Cmd.Imp.v5\CKS.Dev2015.Core.Cmd.Imp.v5.csproj", "{6C0104FC-034B-48FC-92AF-A750F7828701}"
EndProject
Project("{FAE04EC0-301F-11D3-BF4B-00C04F79EFBC}") = "CKS.Dev2019", "CKS.DEV2019\CKS.Dev2019.csproj", "{BF2DC1CA-9EA7-4EED-BA8E-B1C6A8CE8F50}"
EndProject
Global
	GlobalSection(SolutionConfigurationPlatforms) = preSolution
		Debug|Any CPU = Debug|Any CPU
		DebugSigned|Any CPU = DebugSigned|Any CPU
		Release|Any CPU = Release|Any CPU
		ReleaseSigned|Any CPU = ReleaseSigned|Any CPU
	EndGlobalSection
	GlobalSection(ProjectConfigurationPlatforms) = postSolution
		{5671D635-160C-4BE6-B43C-43C99A308040}.Debug|Any CPU.ActiveCfg = Debug|Any CPU
		{5671D635-160C-4BE6-B43C-43C99A308040}.Debug|Any CPU.Build.0 = Debug|Any CPU
		{5671D635-160C-4BE6-B43C-43C99A308040}.DebugSigned|Any CPU.ActiveCfg = DebugSigned|Any CPU
		{5671D635-160C-4BE6-B43C-43C99A308040}.DebugSigned|Any CPU.Build.0 = DebugSigned|Any CPU
		{5671D635-160C-4BE6-B43C-43C99A308040}.Release|Any CPU.ActiveCfg = Release|Any CPU
		{5671D635-160C-4BE6-B43C-43C99A308040}.Release|Any CPU.Build.0 = Release|Any CPU
		{5671D635-160C-4BE6-B43C-43C99A308040}.ReleaseSigned|Any CPU.ActiveCfg = ReleaseSigned|Any CPU
		{5671D635-160C-4BE6-B43C-43C99A308040}.ReleaseSigned|Any CPU.Build.0 = ReleaseSigned|Any CPU
		{F5EAF304-52EB-4952-B0F3-176DCFC569D7}.Debug|Any CPU.ActiveCfg = Debug|Any CPU
		{F5EAF304-52EB-4952-B0F3-176DCFC569D7}.Debug|Any CPU.Build.0 = Debug|Any CPU
		{F5EAF304-52EB-4952-B0F3-176DCFC569D7}.DebugSigned|Any CPU.ActiveCfg = DebugSigned|Any CPU
		{F5EAF304-52EB-4952-B0F3-176DCFC569D7}.DebugSigned|Any CPU.Build.0 = DebugSigned|Any CPU
		{F5EAF304-52EB-4952-B0F3-176DCFC569D7}.Release|Any CPU.ActiveCfg = Release|Any CPU
		{F5EAF304-52EB-4952-B0F3-176DCFC569D7}.Release|Any CPU.Build.0 = Release|Any CPU
		{F5EAF304-52EB-4952-B0F3-176DCFC569D7}.ReleaseSigned|Any CPU.ActiveCfg = ReleaseSigned|Any CPU
		{F5EAF304-52EB-4952-B0F3-176DCFC569D7}.ReleaseSigned|Any CPU.Build.0 = ReleaseSigned|Any CPU
		{8C716A7B-E058-49F9-BDAE-0B05A13843DB}.Debug|Any CPU.ActiveCfg = Debug|Any CPU
		{8C716A7B-E058-49F9-BDAE-0B05A13843DB}.Debug|Any CPU.Build.0 = Debug|Any CPU
		{8C716A7B-E058-49F9-BDAE-0B05A13843DB}.DebugSigned|Any CPU.ActiveCfg = DebugSigned|Any CPU
		{8C716A7B-E058-49F9-BDAE-0B05A13843DB}.DebugSigned|Any CPU.Build.0 = DebugSigned|Any CPU
		{8C716A7B-E058-49F9-BDAE-0B05A13843DB}.Release|Any CPU.ActiveCfg = Release|Any CPU
		{8C716A7B-E058-49F9-BDAE-0B05A13843DB}.Release|Any CPU.Build.0 = Release|Any CPU
		{8C716A7B-E058-49F9-BDAE-0B05A13843DB}.ReleaseSigned|Any CPU.ActiveCfg = ReleaseSigned|Any CPU
		{8C716A7B-E058-49F9-BDAE-0B05A13843DB}.ReleaseSigned|Any CPU.Build.0 = ReleaseSigned|Any CPU
		{6C0104FC-034B-48FC-92AF-A750F7828701}.Debug|Any CPU.ActiveCfg = Debug|Any CPU
		{6C0104FC-034B-48FC-92AF-A750F7828701}.Debug|Any CPU.Build.0 = Debug|Any CPU
		{6C0104FC-034B-48FC-92AF-A750F7828701}.DebugSigned|Any CPU.ActiveCfg = DebugSigned|Any CPU
		{6C0104FC-034B-48FC-92AF-A750F7828701}.DebugSigned|Any CPU.Build.0 = DebugSigned|Any CPU
		{6C0104FC-034B-48FC-92AF-A750F7828701}.Release|Any CPU.ActiveCfg = Release|Any CPU
		{6C0104FC-034B-48FC-92AF-A750F7828701}.Release|Any CPU.Build.0 = Release|Any CPU
		{6C0104FC-034B-48FC-92AF-A750F7828701}.ReleaseSigned|Any CPU.ActiveCfg = ReleaseSigned|Any CPU
		{6C0104FC-034B-48FC-92AF-A750F7828701}.ReleaseSigned|Any CPU.Build.0 = ReleaseSigned|Any CPU
		{BF2DC1CA-9EA7-4EED-BA8E-B1C6A8CE8F50}.Debug|Any CPU.ActiveCfg = Debug|Any CPU
		{BF2DC1CA-9EA7-4EED-BA8E-B1C6A8CE8F50}.Debug|Any CPU.Build.0 = Debug|Any CPU
		{BF2DC1CA-9EA7-4EED-BA8E-B1C6A8CE8F50}.DebugSigned|Any CPU.ActiveCfg = Debug|Any CPU
		{BF2DC1CA-9EA7-4EED-BA8E-B1C6A8CE8F50}.DebugSigned|Any CPU.Build.0 = Debug|Any CPU
		{BF2DC1CA-9EA7-4EED-BA8E-B1C6A8CE8F50}.Release|Any CPU.ActiveCfg = Release|Any CPU
		{BF2DC1CA-9EA7-4EED-BA8E-B1C6A8CE8F50}.Release|Any CPU.Build.0 = Release|Any CPU
		{BF2DC1CA-9EA7-4EED-BA8E-B1C6A8CE8F50}.ReleaseSigned|Any CPU.ActiveCfg = Release|Any CPU
		{BF2DC1CA-9EA7-4EED-BA8E-B1C6A8CE8F50}.ReleaseSigned|Any CPU.Build.0 = Release|Any CPU
	EndGlobalSection
	GlobalSection(SolutionProperties) = preSolution
		HideSolutionNode = FALSE
	EndGlobalSection
	GlobalSection(ExtensibilityGlobals) = postSolution
		SolutionGuid = {EE8CEF89-7BD3-4942-B640-9E731FA631F7}
	EndGlobalSection
EndGlobal
