Microsoft Visual Studio Solution File, Format Version 12.00
# Visual Studio Version 17
VisualStudioVersion = 17.2.32526.322
MinimumVisualStudioVersion = 10.0.40219.1
Project("{FAE04EC0-301F-11D3-BF4B-00C04F79EFBC}") = "CKS.Dev.Vsix.2022", "CKS.Dev.Vsix.2022\CKS.Dev.Vsix.2022.csproj", "{B770D264-E1AB-4632-B0B3-89C2B68CD492}"
EndProject
Project("{D954291E-2A0B-460D-934E-DC6B0785DB48}") = "CKS.Dev.Vsix.Shared", "CKS.Dev.Vsix.Shared\CKS.Dev.Vsix.Shared.shproj", "{ADDD4BB9-1918-408C-B695-891DF00F825F}"
EndProject
Project("{FAE04EC0-301F-11D3-BF4B-00C04F79EFBC}") = "CKS.Dev.Vsix.2019", "CKS.Dev.Vsix.2019\CKS.Dev.Vsix.2019.csproj", "{012B3A09-89BE-4F56-ADD4-D0D658CF8DE1}"
EndProject
Project("{2150E333-8FDC-42A3-9474-1A3956D46DE8}") = "Extensions", "Extensions", "{09E83761-B3AD-468B-9E35-C2B19C917684}"
EndProject
Project("{2150E333-8FDC-42A3-9474-1A3956D46DE8}") = "Commands", "Commands", "{AFB3476F-E208-460A-9410-102445FEAD10}"
EndProject
Project("{2150E333-8FDC-42A3-9474-1A3956D46DE8}") = "Core", "Core", "{D07F6A73-A796-4F60-BB86-897671A3AF81}"
EndProject
Project("{FAE04EC0-301F-11D3-BF4B-00C04F79EFBC}") = "CKS.Dev.Core.vs2022", "CKS.Dev.Core.vs2022\CKS.Dev.Core.vs2022.csproj", "{DF1FDF28-FCF6-432A-B8E4-0FC09F2934E3}"
EndProject
Project("{FAE04EC0-301F-11D3-BF4B-00C04F79EFBC}") = "CKS.Dev.Vsix.2017", "CKS.Dev.Vsix.2017\CKS.Dev.Vsix.2017.csproj", "{AB62363E-9237-494E-BF79-075E65749DE9}"
EndProject
Project("{2150E333-8FDC-42A3-9474-1A3956D46DE8}") = "Commands.vs2022", "Commands.vs2022", "{3408C61B-33D9-4B44-8ABA-9C89B55097C1}"
EndProject
Project("{FAE04EC0-301F-11D3-BF4B-00C04F79EFBC}") = "CKS.Dev.Core.Cmd.vs2022.v16", "CKS.Dev.Core.Cmd.vs2022.v16\CKS.Dev.Core.Cmd.vs2022.v16.csproj", "{48F5E67C-85D6-4427-A2A9-FA6BD09D6156}"
EndProject
Project("{D954291E-2A0B-460D-934E-DC6B0785DB48}") = "CKS.Dev.Core.Cmd.Shared", "CKS.Dev.Core.Cmd.Shared\CKS.Dev.Core.Cmd.Shared.shproj", "{C35FE218-8B5D-4E40-8DE6-07ACF5B34138}"
EndProject
Project("{2150E333-8FDC-42A3-9474-1A3956D46DE8}") = "Commands.vs2019", "Commands.vs2019", "{63D62DA4-2D60-4666-AB10-90060C28783D}"
EndProject
Project("{FAE04EC0-301F-11D3-BF4B-00C04F79EFBC}") = "CKS.Dev.Core.Cmd.vs2019.v16", "CKS.Dev.Core.Cmd.vs2019.v16\CKS.Dev.Core.Cmd.vs2019.v16.csproj", "{5F29A076-2355-464D-B113-5813A8631FD0}"
EndProject
Project("{FAE04EC0-301F-11D3-BF4B-00C04F79EFBC}") = "CKS.Dev.Core.Cmd.vs2019.v14", "CKS.Dev.Core.Cmd.vs2019.v14\CKS.Dev.Core.Cmd.vs2019.v14.csproj", "{40B6593F-A432-4C30-A98F-A28A1B92F1FE}"
EndProject
Project("{FAE04EC0-301F-11D3-BF4B-00C04F79EFBC}") = "CKS.Dev.Core.Cmd.vs2019.v15", "CKS.Dev.Core.Cmd.vs2019.v15\CKS.Dev.Core.Cmd.vs2019.v15.csproj", "{9D135668-5702-4EFF-A17E-E988A0C7EC95}"
EndProject
Project("{FAE04EC0-301F-11D3-BF4B-00C04F79EFBC}") = "CKS.Dev.Core.vs2019", "CKS.Dev.Core.vs2019\CKS.Dev.Core.vs2019.csproj", "{F5EAF304-52EB-4952-B0F3-176DCFC569D7}"
EndProject
Project("{D954291E-2A0B-460D-934E-DC6B0785DB48}") = "CKS.Dev.Core.Shared", "CKS.Dev.Core.Shared\CKS.Dev.Core.Shared.shproj", "{9AC6BC9E-2AF1-484C-836D-5426D8371A9A}"
EndProject
Project("{FAE04EC0-301F-11D3-BF4B-00C04F79EFBC}") = "CKS.Dev.Core.Cmd.vs2022.v15", "CKS.Dev.Core.Cmd.vs2022.v15\CKS.Dev.Core.Cmd.vs2022.v15.csproj", "{C6C29AC9-6656-4AF5-98F0-7851A841CD4B}"
EndProject
Project("{FAE04EC0-301F-11D3-BF4B-00C04F79EFBC}") = "CKS.Dev.Core.Cmd.vs2022.v14", "CKS.Dev.Core.Cmd.vs2022.v14\CKS.Dev.Core.Cmd.vs2022.v14.csproj", "{7EDAEEE4-1A70-41A5-8A25-4778D3F91EFB}"
EndProject
Global
	GlobalSection(SolutionConfigurationPlatforms) = preSolution
		Debug|Any CPU = Debug|Any CPU
		Debug|arm64 = Debug|arm64
		Debug|x86 = Debug|x86
		DebugSigned|Any CPU = DebugSigned|Any CPU
		DebugSigned|arm64 = DebugSigned|arm64
		DebugSigned|x86 = DebugSigned|x86
		Release|Any CPU = Release|Any CPU
		Release|arm64 = Release|arm64
		Release|x86 = Release|x86
		ReleaseSigned|Any CPU = ReleaseSigned|Any CPU
		ReleaseSigned|arm64 = ReleaseSigned|arm64
		ReleaseSigned|x86 = ReleaseSigned|x86
	EndGlobalSection
	GlobalSection(ProjectConfigurationPlatforms) = postSolution
		{B770D264-E1AB-4632-B0B3-89C2B68CD492}.Debug|Any CPU.ActiveCfg = Debug|Any CPU
		{B770D264-E1AB-4632-B0B3-89C2B68CD492}.Debug|Any CPU.Build.0 = Debug|Any CPU
		{B770D264-E1AB-4632-B0B3-89C2B68CD492}.Debug|arm64.ActiveCfg = Debug|Any CPU
		{B770D264-E1AB-4632-B0B3-89C2B68CD492}.Debug|arm64.Build.0 = Debug|Any CPU
		{B770D264-E1AB-4632-B0B3-89C2B68CD492}.Debug|x86.ActiveCfg = Debug|x86
		{B770D264-E1AB-4632-B0B3-89C2B68CD492}.Debug|x86.Build.0 = Debug|x86
		{B770D264-E1AB-4632-B0B3-89C2B68CD492}.DebugSigned|Any CPU.ActiveCfg = Debug|Any CPU
		{B770D264-E1AB-4632-B0B3-89C2B68CD492}.DebugSigned|Any CPU.Build.0 = Debug|Any CPU
		{B770D264-E1AB-4632-B0B3-89C2B68CD492}.DebugSigned|arm64.ActiveCfg = Debug|Any CPU
		{B770D264-E1AB-4632-B0B3-89C2B68CD492}.DebugSigned|arm64.Build.0 = Debug|Any CPU
		{B770D264-E1AB-4632-B0B3-89C2B68CD492}.DebugSigned|x86.ActiveCfg = Debug|x86
		{B770D264-E1AB-4632-B0B3-89C2B68CD492}.DebugSigned|x86.Build.0 = Debug|x86
		{B770D264-E1AB-4632-B0B3-89C2B68CD492}.Release|Any CPU.ActiveCfg = Release|Any CPU
		{B770D264-E1AB-4632-B0B3-89C2B68CD492}.Release|Any CPU.Build.0 = Release|Any CPU
		{B770D264-E1AB-4632-B0B3-89C2B68CD492}.Release|arm64.ActiveCfg = Release|Any CPU
		{B770D264-E1AB-4632-B0B3-89C2B68CD492}.Release|arm64.Build.0 = Release|Any CPU
		{B770D264-E1AB-4632-B0B3-89C2B68CD492}.Release|x86.ActiveCfg = Release|x86
		{B770D264-E1AB-4632-B0B3-89C2B68CD492}.Release|x86.Build.0 = Release|x86
		{B770D264-E1AB-4632-B0B3-89C2B68CD492}.ReleaseSigned|Any CPU.ActiveCfg = Release|Any CPU
		{B770D264-E1AB-4632-B0B3-89C2B68CD492}.ReleaseSigned|Any CPU.Build.0 = Release|Any CPU
		{B770D264-E1AB-4632-B0B3-89C2B68CD492}.ReleaseSigned|arm64.ActiveCfg = Release|Any CPU
		{B770D264-E1AB-4632-B0B3-89C2B68CD492}.ReleaseSigned|arm64.Build.0 = Release|Any CPU
		{B770D264-E1AB-4632-B0B3-89C2B68CD492}.ReleaseSigned|x86.ActiveCfg = Release|x86
		{B770D264-E1AB-4632-B0B3-89C2B68CD492}.ReleaseSigned|x86.Build.0 = Release|x86
		{012B3A09-89BE-4F56-ADD4-D0D658CF8DE1}.Debug|Any CPU.ActiveCfg = Debug|Any CPU
		{012B3A09-89BE-4F56-ADD4-D0D658CF8DE1}.Debug|Any CPU.Build.0 = Debug|Any CPU
		{012B3A09-89BE-4F56-ADD4-D0D658CF8DE1}.Debug|arm64.ActiveCfg = Debug|arm64
		{012B3A09-89BE-4F56-ADD4-D0D658CF8DE1}.Debug|arm64.Build.0 = Debug|arm64
		{012B3A09-89BE-4F56-ADD4-D0D658CF8DE1}.Debug|x86.ActiveCfg = Debug|x86
		{012B3A09-89BE-4F56-ADD4-D0D658CF8DE1}.Debug|x86.Build.0 = Debug|x86
		{012B3A09-89BE-4F56-ADD4-D0D658CF8DE1}.DebugSigned|Any CPU.ActiveCfg = Debug|Any CPU
		{012B3A09-89BE-4F56-ADD4-D0D658CF8DE1}.DebugSigned|Any CPU.Build.0 = Debug|Any CPU
		{012B3A09-89BE-4F56-ADD4-D0D658CF8DE1}.DebugSigned|arm64.ActiveCfg = Debug|arm64
		{012B3A09-89BE-4F56-ADD4-D0D658CF8DE1}.DebugSigned|arm64.Build.0 = Debug|arm64
		{012B3A09-89BE-4F56-ADD4-D0D658CF8DE1}.DebugSigned|x86.ActiveCfg = Debug|x86
		{012B3A09-89BE-4F56-ADD4-D0D658CF8DE1}.DebugSigned|x86.Build.0 = Debug|x86
		{012B3A09-89BE-4F56-ADD4-D0D658CF8DE1}.Release|Any CPU.ActiveCfg = Release|Any CPU
		{012B3A09-89BE-4F56-ADD4-D0D658CF8DE1}.Release|Any CPU.Build.0 = Release|Any CPU
		{012B3A09-89BE-4F56-ADD4-D0D658CF8DE1}.Release|arm64.ActiveCfg = Release|arm64
		{012B3A09-89BE-4F56-ADD4-D0D658CF8DE1}.Release|arm64.Build.0 = Release|arm64
		{012B3A09-89BE-4F56-ADD4-D0D658CF8DE1}.Release|x86.ActiveCfg = Release|x86
		{012B3A09-89BE-4F56-ADD4-D0D658CF8DE1}.Release|x86.Build.0 = Release|x86
		{012B3A09-89BE-4F56-ADD4-D0D658CF8DE1}.ReleaseSigned|Any CPU.ActiveCfg = Release|Any CPU
		{012B3A09-89BE-4F56-ADD4-D0D658CF8DE1}.ReleaseSigned|Any CPU.Build.0 = Release|Any CPU
		{012B3A09-89BE-4F56-ADD4-D0D658CF8DE1}.ReleaseSigned|arm64.ActiveCfg = Release|arm64
		{012B3A09-89BE-4F56-ADD4-D0D658CF8DE1}.ReleaseSigned|arm64.Build.0 = Release|arm64
		{012B3A09-89BE-4F56-ADD4-D0D658CF8DE1}.ReleaseSigned|x86.ActiveCfg = Release|x86
		{012B3A09-89BE-4F56-ADD4-D0D658CF8DE1}.ReleaseSigned|x86.Build.0 = Release|x86
		{DF1FDF28-FCF6-432A-B8E4-0FC09F2934E3}.Debug|Any CPU.ActiveCfg = Debug|Any CPU
		{DF1FDF28-FCF6-432A-B8E4-0FC09F2934E3}.Debug|Any CPU.Build.0 = Debug|Any CPU
		{DF1FDF28-FCF6-432A-B8E4-0FC09F2934E3}.Debug|arm64.ActiveCfg = Debug|Any CPU
		{DF1FDF28-FCF6-432A-B8E4-0FC09F2934E3}.Debug|arm64.Build.0 = Debug|Any CPU
		{DF1FDF28-FCF6-432A-B8E4-0FC09F2934E3}.Debug|x86.ActiveCfg = Debug|Any CPU
		{DF1FDF28-FCF6-432A-B8E4-0FC09F2934E3}.Debug|x86.Build.0 = Debug|Any CPU
		{DF1FDF28-FCF6-432A-B8E4-0FC09F2934E3}.DebugSigned|Any CPU.ActiveCfg = Debug|Any CPU
		{DF1FDF28-FCF6-432A-B8E4-0FC09F2934E3}.DebugSigned|Any CPU.Build.0 = Debug|Any CPU
		{DF1FDF28-FCF6-432A-B8E4-0FC09F2934E3}.DebugSigned|arm64.ActiveCfg = Debug|Any CPU
		{DF1FDF28-FCF6-432A-B8E4-0FC09F2934E3}.DebugSigned|arm64.Build.0 = Debug|Any CPU
		{DF1FDF28-FCF6-432A-B8E4-0FC09F2934E3}.DebugSigned|x86.ActiveCfg = Debug|Any CPU
		{DF1FDF28-FCF6-432A-B8E4-0FC09F2934E3}.DebugSigned|x86.Build.0 = Debug|Any CPU
		{DF1FDF28-FCF6-432A-B8E4-0FC09F2934E3}.Release|Any CPU.ActiveCfg = Release|Any CPU
		{DF1FDF28-FCF6-432A-B8E4-0FC09F2934E3}.Release|Any CPU.Build.0 = Release|Any CPU
		{DF1FDF28-FCF6-432A-B8E4-0FC09F2934E3}.Release|arm64.ActiveCfg = Release|Any CPU
		{DF1FDF28-FCF6-432A-B8E4-0FC09F2934E3}.Release|arm64.Build.0 = Release|Any CPU
		{DF1FDF28-FCF6-432A-B8E4-0FC09F2934E3}.Release|x86.ActiveCfg = Release|Any CPU
		{DF1FDF28-FCF6-432A-B8E4-0FC09F2934E3}.Release|x86.Build.0 = Release|Any CPU
		{DF1FDF28-FCF6-432A-B8E4-0FC09F2934E3}.ReleaseSigned|Any CPU.ActiveCfg = Release|Any CPU
		{DF1FDF28-FCF6-432A-B8E4-0FC09F2934E3}.ReleaseSigned|Any CPU.Build.0 = Release|Any CPU
		{DF1FDF28-FCF6-432A-B8E4-0FC09F2934E3}.ReleaseSigned|arm64.ActiveCfg = Release|Any CPU
		{DF1FDF28-FCF6-432A-B8E4-0FC09F2934E3}.ReleaseSigned|arm64.Build.0 = Release|Any CPU
		{DF1FDF28-FCF6-432A-B8E4-0FC09F2934E3}.ReleaseSigned|x86.ActiveCfg = Release|Any CPU
		{DF1FDF28-FCF6-432A-B8E4-0FC09F2934E3}.ReleaseSigned|x86.Build.0 = Release|Any CPU
		{AB62363E-9237-494E-BF79-075E65749DE9}.Debug|Any CPU.ActiveCfg = Debug|Any CPU
		{AB62363E-9237-494E-BF79-075E65749DE9}.Debug|Any CPU.Build.0 = Debug|Any CPU
		{AB62363E-9237-494E-BF79-075E65749DE9}.Debug|arm64.ActiveCfg = Debug|arm64
		{AB62363E-9237-494E-BF79-075E65749DE9}.Debug|arm64.Build.0 = Debug|arm64
		{AB62363E-9237-494E-BF79-075E65749DE9}.Debug|x86.ActiveCfg = Debug|x86
		{AB62363E-9237-494E-BF79-075E65749DE9}.Debug|x86.Build.0 = Debug|x86
		{AB62363E-9237-494E-BF79-075E65749DE9}.DebugSigned|Any CPU.ActiveCfg = Debug|Any CPU
		{AB62363E-9237-494E-BF79-075E65749DE9}.DebugSigned|Any CPU.Build.0 = Debug|Any CPU
		{AB62363E-9237-494E-BF79-075E65749DE9}.DebugSigned|arm64.ActiveCfg = Debug|arm64
		{AB62363E-9237-494E-BF79-075E65749DE9}.DebugSigned|arm64.Build.0 = Debug|arm64
		{AB62363E-9237-494E-BF79-075E65749DE9}.DebugSigned|x86.ActiveCfg = Debug|x86
		{AB62363E-9237-494E-BF79-075E65749DE9}.DebugSigned|x86.Build.0 = Debug|x86
		{AB62363E-9237-494E-BF79-075E65749DE9}.Release|Any CPU.ActiveCfg = Release|Any CPU
		{AB62363E-9237-494E-BF79-075E65749DE9}.Release|Any CPU.Build.0 = Release|Any CPU
		{AB62363E-9237-494E-BF79-075E65749DE9}.Release|arm64.ActiveCfg = Release|arm64
		{AB62363E-9237-494E-BF79-075E65749DE9}.Release|arm64.Build.0 = Release|arm64
		{AB62363E-9237-494E-BF79-075E65749DE9}.Release|x86.ActiveCfg = Release|x86
		{AB62363E-9237-494E-BF79-075E65749DE9}.Release|x86.Build.0 = Release|x86
		{AB62363E-9237-494E-BF79-075E65749DE9}.ReleaseSigned|Any CPU.ActiveCfg = Release|Any CPU
		{AB62363E-9237-494E-BF79-075E65749DE9}.ReleaseSigned|Any CPU.Build.0 = Release|Any CPU
		{AB62363E-9237-494E-BF79-075E65749DE9}.ReleaseSigned|arm64.ActiveCfg = Release|arm64
		{AB62363E-9237-494E-BF79-075E65749DE9}.ReleaseSigned|arm64.Build.0 = Release|arm64
		{AB62363E-9237-494E-BF79-075E65749DE9}.ReleaseSigned|x86.ActiveCfg = Release|x86
		{AB62363E-9237-494E-BF79-075E65749DE9}.ReleaseSigned|x86.Build.0 = Release|x86
		{48F5E67C-85D6-4427-A2A9-FA6BD09D6156}.Debug|Any CPU.ActiveCfg = Debug|Any CPU
		{48F5E67C-85D6-4427-A2A9-FA6BD09D6156}.Debug|Any CPU.Build.0 = Debug|Any CPU
		{48F5E67C-85D6-4427-A2A9-FA6BD09D6156}.Debug|arm64.ActiveCfg = Debug|Any CPU
		{48F5E67C-85D6-4427-A2A9-FA6BD09D6156}.Debug|arm64.Build.0 = Debug|Any CPU
		{48F5E67C-85D6-4427-A2A9-FA6BD09D6156}.Debug|x86.ActiveCfg = Debug|Any CPU
		{48F5E67C-85D6-4427-A2A9-FA6BD09D6156}.Debug|x86.Build.0 = Debug|Any CPU
		{48F5E67C-85D6-4427-A2A9-FA6BD09D6156}.DebugSigned|Any CPU.ActiveCfg = Debug|Any CPU
		{48F5E67C-85D6-4427-A2A9-FA6BD09D6156}.DebugSigned|Any CPU.Build.0 = Debug|Any CPU
		{48F5E67C-85D6-4427-A2A9-FA6BD09D6156}.DebugSigned|arm64.ActiveCfg = Debug|Any CPU
		{48F5E67C-85D6-4427-A2A9-FA6BD09D6156}.DebugSigned|arm64.Build.0 = Debug|Any CPU
		{48F5E67C-85D6-4427-A2A9-FA6BD09D6156}.DebugSigned|x86.ActiveCfg = Debug|Any CPU
		{48F5E67C-85D6-4427-A2A9-FA6BD09D6156}.DebugSigned|x86.Build.0 = Debug|Any CPU
		{48F5E67C-85D6-4427-A2A9-FA6BD09D6156}.Release|Any CPU.ActiveCfg = Release|Any CPU
		{48F5E67C-85D6-4427-A2A9-FA6BD09D6156}.Release|Any CPU.Build.0 = Release|Any CPU
		{48F5E67C-85D6-4427-A2A9-FA6BD09D6156}.Release|arm64.ActiveCfg = Release|Any CPU
		{48F5E67C-85D6-4427-A2A9-FA6BD09D6156}.Release|arm64.Build.0 = Release|Any CPU
		{48F5E67C-85D6-4427-A2A9-FA6BD09D6156}.Release|x86.ActiveCfg = Release|Any CPU
		{48F5E67C-85D6-4427-A2A9-FA6BD09D6156}.Release|x86.Build.0 = Release|Any CPU
		{48F5E67C-85D6-4427-A2A9-FA6BD09D6156}.ReleaseSigned|Any CPU.ActiveCfg = Release|Any CPU
		{48F5E67C-85D6-4427-A2A9-FA6BD09D6156}.ReleaseSigned|Any CPU.Build.0 = Release|Any CPU
		{48F5E67C-85D6-4427-A2A9-FA6BD09D6156}.ReleaseSigned|arm64.ActiveCfg = Release|Any CPU
		{48F5E67C-85D6-4427-A2A9-FA6BD09D6156}.ReleaseSigned|arm64.Build.0 = Release|Any CPU
		{48F5E67C-85D6-4427-A2A9-FA6BD09D6156}.ReleaseSigned|x86.ActiveCfg = Release|Any CPU
		{48F5E67C-85D6-4427-A2A9-FA6BD09D6156}.ReleaseSigned|x86.Build.0 = Release|Any CPU
		{5F29A076-2355-464D-B113-5813A8631FD0}.Debug|Any CPU.ActiveCfg = Debug|Any CPU
		{5F29A076-2355-464D-B113-5813A8631FD0}.Debug|Any CPU.Build.0 = Debug|Any CPU
		{5F29A076-2355-464D-B113-5813A8631FD0}.Debug|arm64.ActiveCfg = Debug|Any CPU
		{5F29A076-2355-464D-B113-5813A8631FD0}.Debug|arm64.Build.0 = Debug|Any CPU
		{5F29A076-2355-464D-B113-5813A8631FD0}.Debug|x86.ActiveCfg = Debug|Any CPU
		{5F29A076-2355-464D-B113-5813A8631FD0}.Debug|x86.Build.0 = Debug|Any CPU
		{5F29A076-2355-464D-B113-5813A8631FD0}.DebugSigned|Any CPU.ActiveCfg = Debug|Any CPU
		{5F29A076-2355-464D-B113-5813A8631FD0}.DebugSigned|Any CPU.Build.0 = Debug|Any CPU
		{5F29A076-2355-464D-B113-5813A8631FD0}.DebugSigned|arm64.ActiveCfg = Debug|Any CPU
		{5F29A076-2355-464D-B113-5813A8631FD0}.DebugSigned|arm64.Build.0 = Debug|Any CPU
		{5F29A076-2355-464D-B113-5813A8631FD0}.DebugSigned|x86.ActiveCfg = Debug|Any CPU
		{5F29A076-2355-464D-B113-5813A8631FD0}.DebugSigned|x86.Build.0 = Debug|Any CPU
		{5F29A076-2355-464D-B113-5813A8631FD0}.Release|Any CPU.ActiveCfg = Release|Any CPU
		{5F29A076-2355-464D-B113-5813A8631FD0}.Release|Any CPU.Build.0 = Release|Any CPU
		{5F29A076-2355-464D-B113-5813A8631FD0}.Release|arm64.ActiveCfg = Release|Any CPU
		{5F29A076-2355-464D-B113-5813A8631FD0}.Release|arm64.Build.0 = Release|Any CPU
		{5F29A076-2355-464D-B113-5813A8631FD0}.Release|x86.ActiveCfg = Release|Any CPU
		{5F29A076-2355-464D-B113-5813A8631FD0}.Release|x86.Build.0 = Release|Any CPU
		{5F29A076-2355-464D-B113-5813A8631FD0}.ReleaseSigned|Any CPU.ActiveCfg = Release|Any CPU
		{5F29A076-2355-464D-B113-5813A8631FD0}.ReleaseSigned|Any CPU.Build.0 = Release|Any CPU
		{5F29A076-2355-464D-B113-5813A8631FD0}.ReleaseSigned|arm64.ActiveCfg = Release|Any CPU
		{5F29A076-2355-464D-B113-5813A8631FD0}.ReleaseSigned|arm64.Build.0 = Release|Any CPU
		{5F29A076-2355-464D-B113-5813A8631FD0}.ReleaseSigned|x86.ActiveCfg = Release|Any CPU
		{5F29A076-2355-464D-B113-5813A8631FD0}.ReleaseSigned|x86.Build.0 = Release|Any CPU
		{40B6593F-A432-4C30-A98F-A28A1B92F1FE}.Debug|Any CPU.ActiveCfg = Debug|Any CPU
		{40B6593F-A432-4C30-A98F-A28A1B92F1FE}.Debug|Any CPU.Build.0 = Debug|Any CPU
		{40B6593F-A432-4C30-A98F-A28A1B92F1FE}.Debug|arm64.ActiveCfg = Debug|Any CPU
		{40B6593F-A432-4C30-A98F-A28A1B92F1FE}.Debug|arm64.Build.0 = Debug|Any CPU
		{40B6593F-A432-4C30-A98F-A28A1B92F1FE}.Debug|x86.ActiveCfg = Debug|Any CPU
		{40B6593F-A432-4C30-A98F-A28A1B92F1FE}.Debug|x86.Build.0 = Debug|Any CPU
		{40B6593F-A432-4C30-A98F-A28A1B92F1FE}.DebugSigned|Any CPU.ActiveCfg = Debug|Any CPU
		{40B6593F-A432-4C30-A98F-A28A1B92F1FE}.DebugSigned|Any CPU.Build.0 = Debug|Any CPU
		{40B6593F-A432-4C30-A98F-A28A1B92F1FE}.DebugSigned|arm64.ActiveCfg = Debug|Any CPU
		{40B6593F-A432-4C30-A98F-A28A1B92F1FE}.DebugSigned|arm64.Build.0 = Debug|Any CPU
		{40B6593F-A432-4C30-A98F-A28A1B92F1FE}.DebugSigned|x86.ActiveCfg = Debug|Any CPU
		{40B6593F-A432-4C30-A98F-A28A1B92F1FE}.DebugSigned|x86.Build.0 = Debug|Any CPU
		{40B6593F-A432-4C30-A98F-A28A1B92F1FE}.Release|Any CPU.ActiveCfg = Release|Any CPU
		{40B6593F-A432-4C30-A98F-A28A1B92F1FE}.Release|Any CPU.Build.0 = Release|Any CPU
		{40B6593F-A432-4C30-A98F-A28A1B92F1FE}.Release|arm64.ActiveCfg = Release|Any CPU
		{40B6593F-A432-4C30-A98F-A28A1B92F1FE}.Release|arm64.Build.0 = Release|Any CPU
		{40B6593F-A432-4C30-A98F-A28A1B92F1FE}.Release|x86.ActiveCfg = Release|Any CPU
		{40B6593F-A432-4C30-A98F-A28A1B92F1FE}.Release|x86.Build.0 = Release|Any CPU
		{40B6593F-A432-4C30-A98F-A28A1B92F1FE}.ReleaseSigned|Any CPU.ActiveCfg = Release|Any CPU
		{40B6593F-A432-4C30-A98F-A28A1B92F1FE}.ReleaseSigned|Any CPU.Build.0 = Release|Any CPU
		{40B6593F-A432-4C30-A98F-A28A1B92F1FE}.ReleaseSigned|arm64.ActiveCfg = Release|Any CPU
		{40B6593F-A432-4C30-A98F-A28A1B92F1FE}.ReleaseSigned|arm64.Build.0 = Release|Any CPU
		{40B6593F-A432-4C30-A98F-A28A1B92F1FE}.ReleaseSigned|x86.ActiveCfg = Release|Any CPU
		{40B6593F-A432-4C30-A98F-A28A1B92F1FE}.ReleaseSigned|x86.Build.0 = Release|Any CPU
		{9D135668-5702-4EFF-A17E-E988A0C7EC95}.Debug|Any CPU.ActiveCfg = Debug|Any CPU
		{9D135668-5702-4EFF-A17E-E988A0C7EC95}.Debug|Any CPU.Build.0 = Debug|Any CPU
		{9D135668-5702-4EFF-A17E-E988A0C7EC95}.Debug|arm64.ActiveCfg = Debug|Any CPU
		{9D135668-5702-4EFF-A17E-E988A0C7EC95}.Debug|arm64.Build.0 = Debug|Any CPU
		{9D135668-5702-4EFF-A17E-E988A0C7EC95}.Debug|x86.ActiveCfg = Debug|Any CPU
		{9D135668-5702-4EFF-A17E-E988A0C7EC95}.Debug|x86.Build.0 = Debug|Any CPU
		{9D135668-5702-4EFF-A17E-E988A0C7EC95}.DebugSigned|Any CPU.ActiveCfg = Debug|Any CPU
		{9D135668-5702-4EFF-A17E-E988A0C7EC95}.DebugSigned|Any CPU.Build.0 = Debug|Any CPU
		{9D135668-5702-4EFF-A17E-E988A0C7EC95}.DebugSigned|arm64.ActiveCfg = Debug|Any CPU
		{9D135668-5702-4EFF-A17E-E988A0C7EC95}.DebugSigned|arm64.Build.0 = Debug|Any CPU
		{9D135668-5702-4EFF-A17E-E988A0C7EC95}.DebugSigned|x86.ActiveCfg = Debug|Any CPU
		{9D135668-5702-4EFF-A17E-E988A0C7EC95}.DebugSigned|x86.Build.0 = Debug|Any CPU
		{9D135668-5702-4EFF-A17E-E988A0C7EC95}.Release|Any CPU.ActiveCfg = Release|Any CPU
		{9D135668-5702-4EFF-A17E-E988A0C7EC95}.Release|Any CPU.Build.0 = Release|Any CPU
		{9D135668-5702-4EFF-A17E-E988A0C7EC95}.Release|arm64.ActiveCfg = Release|Any CPU
		{9D135668-5702-4EFF-A17E-E988A0C7EC95}.Release|arm64.Build.0 = Release|Any CPU
		{9D135668-5702-4EFF-A17E-E988A0C7EC95}.Release|x86.ActiveCfg = Release|Any CPU
		{9D135668-5702-4EFF-A17E-E988A0C7EC95}.Release|x86.Build.0 = Release|Any CPU
		{9D135668-5702-4EFF-A17E-E988A0C7EC95}.ReleaseSigned|Any CPU.ActiveCfg = Release|Any CPU
		{9D135668-5702-4EFF-A17E-E988A0C7EC95}.ReleaseSigned|Any CPU.Build.0 = Release|Any CPU
		{9D135668-5702-4EFF-A17E-E988A0C7EC95}.ReleaseSigned|arm64.ActiveCfg = Release|Any CPU
		{9D135668-5702-4EFF-A17E-E988A0C7EC95}.ReleaseSigned|arm64.Build.0 = Release|Any CPU
		{9D135668-5702-4EFF-A17E-E988A0C7EC95}.ReleaseSigned|x86.ActiveCfg = Release|Any CPU
		{9D135668-5702-4EFF-A17E-E988A0C7EC95}.ReleaseSigned|x86.Build.0 = Release|Any CPU
		{F5EAF304-52EB-4952-B0F3-176DCFC569D7}.Debug|Any CPU.ActiveCfg = Debug|Any CPU
		{F5EAF304-52EB-4952-B0F3-176DCFC569D7}.Debug|Any CPU.Build.0 = Debug|Any CPU
		{F5EAF304-52EB-4952-B0F3-176DCFC569D7}.Debug|arm64.ActiveCfg = Debug|Any CPU
		{F5EAF304-52EB-4952-B0F3-176DCFC569D7}.Debug|arm64.Build.0 = Debug|Any CPU
		{F5EAF304-52EB-4952-B0F3-176DCFC569D7}.Debug|x86.ActiveCfg = Debug|Any CPU
		{F5EAF304-52EB-4952-B0F3-176DCFC569D7}.Debug|x86.Build.0 = Debug|Any CPU
		{F5EAF304-52EB-4952-B0F3-176DCFC569D7}.DebugSigned|Any CPU.ActiveCfg = DebugSigned|Any CPU
		{F5EAF304-52EB-4952-B0F3-176DCFC569D7}.DebugSigned|Any CPU.Build.0 = DebugSigned|Any CPU
		{F5EAF304-52EB-4952-B0F3-176DCFC569D7}.DebugSigned|arm64.ActiveCfg = DebugSigned|Any CPU
		{F5EAF304-52EB-4952-B0F3-176DCFC569D7}.DebugSigned|arm64.Build.0 = DebugSigned|Any CPU
		{F5EAF304-52EB-4952-B0F3-176DCFC569D7}.DebugSigned|x86.ActiveCfg = DebugSigned|Any CPU
		{F5EAF304-52EB-4952-B0F3-176DCFC569D7}.DebugSigned|x86.Build.0 = DebugSigned|Any CPU
		{F5EAF304-52EB-4952-B0F3-176DCFC569D7}.Release|Any CPU.ActiveCfg = Release|Any CPU
		{F5EAF304-52EB-4952-B0F3-176DCFC569D7}.Release|Any CPU.Build.0 = Release|Any CPU
		{F5EAF304-52EB-4952-B0F3-176DCFC569D7}.Release|arm64.ActiveCfg = Release|Any CPU
		{F5EAF304-52EB-4952-B0F3-176DCFC569D7}.Release|arm64.Build.0 = Release|Any CPU
		{F5EAF304-52EB-4952-B0F3-176DCFC569D7}.Release|x86.ActiveCfg = Release|Any CPU
		{F5EAF304-52EB-4952-B0F3-176DCFC569D7}.Release|x86.Build.0 = Release|Any CPU
		{F5EAF304-52EB-4952-B0F3-176DCFC569D7}.ReleaseSigned|Any CPU.ActiveCfg = ReleaseSigned|Any CPU
		{F5EAF304-52EB-4952-B0F3-176DCFC569D7}.ReleaseSigned|Any CPU.Build.0 = ReleaseSigned|Any CPU
		{F5EAF304-52EB-4952-B0F3-176DCFC569D7}.ReleaseSigned|arm64.ActiveCfg = ReleaseSigned|Any CPU
		{F5EAF304-52EB-4952-B0F3-176DCFC569D7}.ReleaseSigned|arm64.Build.0 = ReleaseSigned|Any CPU
		{F5EAF304-52EB-4952-B0F3-176DCFC569D7}.ReleaseSigned|x86.ActiveCfg = ReleaseSigned|Any CPU
		{F5EAF304-52EB-4952-B0F3-176DCFC569D7}.ReleaseSigned|x86.Build.0 = ReleaseSigned|Any CPU
		{C6C29AC9-6656-4AF5-98F0-7851A841CD4B}.Debug|Any CPU.ActiveCfg = Debug|Any CPU
		{C6C29AC9-6656-4AF5-98F0-7851A841CD4B}.Debug|Any CPU.Build.0 = Debug|Any CPU
		{C6C29AC9-6656-4AF5-98F0-7851A841CD4B}.Debug|arm64.ActiveCfg = Debug|Any CPU
		{C6C29AC9-6656-4AF5-98F0-7851A841CD4B}.Debug|arm64.Build.0 = Debug|Any CPU
		{C6C29AC9-6656-4AF5-98F0-7851A841CD4B}.Debug|x86.ActiveCfg = Debug|Any CPU
		{C6C29AC9-6656-4AF5-98F0-7851A841CD4B}.Debug|x86.Build.0 = Debug|Any CPU
		{C6C29AC9-6656-4AF5-98F0-7851A841CD4B}.DebugSigned|Any CPU.ActiveCfg = Debug|Any CPU
		{C6C29AC9-6656-4AF5-98F0-7851A841CD4B}.DebugSigned|Any CPU.Build.0 = Debug|Any CPU
		{C6C29AC9-6656-4AF5-98F0-7851A841CD4B}.DebugSigned|arm64.ActiveCfg = Debug|Any CPU
		{C6C29AC9-6656-4AF5-98F0-7851A841CD4B}.DebugSigned|arm64.Build.0 = Debug|Any CPU
		{C6C29AC9-6656-4AF5-98F0-7851A841CD4B}.DebugSigned|x86.ActiveCfg = Debug|Any CPU
		{C6C29AC9-6656-4AF5-98F0-7851A841CD4B}.DebugSigned|x86.Build.0 = Debug|Any CPU
		{C6C29AC9-6656-4AF5-98F0-7851A841CD4B}.Release|Any CPU.ActiveCfg = Release|Any CPU
		{C6C29AC9-6656-4AF5-98F0-7851A841CD4B}.Release|Any CPU.Build.0 = Release|Any CPU
		{C6C29AC9-6656-4AF5-98F0-7851A841CD4B}.Release|arm64.ActiveCfg = Release|Any CPU
		{C6C29AC9-6656-4AF5-98F0-7851A841CD4B}.Release|arm64.Build.0 = Release|Any CPU
		{C6C29AC9-6656-4AF5-98F0-7851A841CD4B}.Release|x86.ActiveCfg = Release|Any CPU
		{C6C29AC9-6656-4AF5-98F0-7851A841CD4B}.Release|x86.Build.0 = Release|Any CPU
		{C6C29AC9-6656-4AF5-98F0-7851A841CD4B}.ReleaseSigned|Any CPU.ActiveCfg = Release|Any CPU
		{C6C29AC9-6656-4AF5-98F0-7851A841CD4B}.ReleaseSigned|Any CPU.Build.0 = Release|Any CPU
		{C6C29AC9-6656-4AF5-98F0-7851A841CD4B}.ReleaseSigned|arm64.ActiveCfg = Release|Any CPU
		{C6C29AC9-6656-4AF5-98F0-7851A841CD4B}.ReleaseSigned|arm64.Build.0 = Release|Any CPU
		{C6C29AC9-6656-4AF5-98F0-7851A841CD4B}.ReleaseSigned|x86.ActiveCfg = Release|Any CPU
		{C6C29AC9-6656-4AF5-98F0-7851A841CD4B}.ReleaseSigned|x86.Build.0 = Release|Any CPU
		{7EDAEEE4-1A70-41A5-8A25-4778D3F91EFB}.Debug|Any CPU.ActiveCfg = Debug|Any CPU
		{7EDAEEE4-1A70-41A5-8A25-4778D3F91EFB}.Debug|Any CPU.Build.0 = Debug|Any CPU
		{7EDAEEE4-1A70-41A5-8A25-4778D3F91EFB}.Debug|arm64.ActiveCfg = Debug|Any CPU
		{7EDAEEE4-1A70-41A5-8A25-4778D3F91EFB}.Debug|arm64.Build.0 = Debug|Any CPU
		{7EDAEEE4-1A70-41A5-8A25-4778D3F91EFB}.Debug|x86.ActiveCfg = Debug|Any CPU
		{7EDAEEE4-1A70-41A5-8A25-4778D3F91EFB}.Debug|x86.Build.0 = Debug|Any CPU
		{7EDAEEE4-1A70-41A5-8A25-4778D3F91EFB}.DebugSigned|Any CPU.ActiveCfg = Debug|Any CPU
		{7EDAEEE4-1A70-41A5-8A25-4778D3F91EFB}.DebugSigned|Any CPU.Build.0 = Debug|Any CPU
		{7EDAEEE4-1A70-41A5-8A25-4778D3F91EFB}.DebugSigned|arm64.ActiveCfg = Debug|Any CPU
		{7EDAEEE4-1A70-41A5-8A25-4778D3F91EFB}.DebugSigned|arm64.Build.0 = Debug|Any CPU
		{7EDAEEE4-1A70-41A5-8A25-4778D3F91EFB}.DebugSigned|x86.ActiveCfg = Debug|Any CPU
		{7EDAEEE4-1A70-41A5-8A25-4778D3F91EFB}.DebugSigned|x86.Build.0 = Debug|Any CPU
		{7EDAEEE4-1A70-41A5-8A25-4778D3F91EFB}.Release|Any CPU.ActiveCfg = Release|Any CPU
		{7EDAEEE4-1A70-41A5-8A25-4778D3F91EFB}.Release|Any CPU.Build.0 = Release|Any CPU
		{7EDAEEE4-1A70-41A5-8A25-4778D3F91EFB}.Release|arm64.ActiveCfg = Release|Any CPU
		{7EDAEEE4-1A70-41A5-8A25-4778D3F91EFB}.Release|arm64.Build.0 = Release|Any CPU
		{7EDAEEE4-1A70-41A5-8A25-4778D3F91EFB}.Release|x86.ActiveCfg = Release|Any CPU
		{7EDAEEE4-1A70-41A5-8A25-4778D3F91EFB}.Release|x86.Build.0 = Release|Any CPU
		{7EDAEEE4-1A70-41A5-8A25-4778D3F91EFB}.ReleaseSigned|Any CPU.ActiveCfg = Release|Any CPU
		{7EDAEEE4-1A70-41A5-8A25-4778D3F91EFB}.ReleaseSigned|Any CPU.Build.0 = Release|Any CPU
		{7EDAEEE4-1A70-41A5-8A25-4778D3F91EFB}.ReleaseSigned|arm64.ActiveCfg = Release|Any CPU
		{7EDAEEE4-1A70-41A5-8A25-4778D3F91EFB}.ReleaseSigned|arm64.Build.0 = Release|Any CPU
		{7EDAEEE4-1A70-41A5-8A25-4778D3F91EFB}.ReleaseSigned|x86.ActiveCfg = Release|Any CPU
		{7EDAEEE4-1A70-41A5-8A25-4778D3F91EFB}.ReleaseSigned|x86.Build.0 = Release|Any CPU
	EndGlobalSection
	GlobalSection(SolutionProperties) = preSolution
		HideSolutionNode = FALSE
	EndGlobalSection
	GlobalSection(NestedProjects) = preSolution
		{B770D264-E1AB-4632-B0B3-89C2B68CD492} = {09E83761-B3AD-468B-9E35-C2B19C917684}
		{ADDD4BB9-1918-408C-B695-891DF00F825F} = {09E83761-B3AD-468B-9E35-C2B19C917684}
		{012B3A09-89BE-4F56-ADD4-D0D658CF8DE1} = {09E83761-B3AD-468B-9E35-C2B19C917684}
		{DF1FDF28-FCF6-432A-B8E4-0FC09F2934E3} = {D07F6A73-A796-4F60-BB86-897671A3AF81}
		{AB62363E-9237-494E-BF79-075E65749DE9} = {09E83761-B3AD-468B-9E35-C2B19C917684}
		{3408C61B-33D9-4B44-8ABA-9C89B55097C1} = {AFB3476F-E208-460A-9410-102445FEAD10}
		{48F5E67C-85D6-4427-A2A9-FA6BD09D6156} = {3408C61B-33D9-4B44-8ABA-9C89B55097C1}
		{C35FE218-8B5D-4E40-8DE6-07ACF5B34138} = {AFB3476F-E208-460A-9410-102445FEAD10}
		{63D62DA4-2D60-4666-AB10-90060C28783D} = {AFB3476F-E208-460A-9410-102445FEAD10}
		{5F29A076-2355-464D-B113-5813A8631FD0} = {63D62DA4-2D60-4666-AB10-90060C28783D}
		{40B6593F-A432-4C30-A98F-A28A1B92F1FE} = {63D62DA4-2D60-4666-AB10-90060C28783D}
		{9D135668-5702-4EFF-A17E-E988A0C7EC95} = {63D62DA4-2D60-4666-AB10-90060C28783D}
		{F5EAF304-52EB-4952-B0F3-176DCFC569D7} = {D07F6A73-A796-4F60-BB86-897671A3AF81}
		{9AC6BC9E-2AF1-484C-836D-5426D8371A9A} = {D07F6A73-A796-4F60-BB86-897671A3AF81}
		{C6C29AC9-6656-4AF5-98F0-7851A841CD4B} = {3408C61B-33D9-4B44-8ABA-9C89B55097C1}
		{7EDAEEE4-1A70-41A5-8A25-4778D3F91EFB} = {3408C61B-33D9-4B44-8ABA-9C89B55097C1}
	EndGlobalSection
	GlobalSection(ExtensibilityGlobals) = postSolution
		SolutionGuid = {EE8CEF89-7BD3-4942-B640-9E731FA631F7}
	EndGlobalSection
	GlobalSection(SharedMSBuildProjectFiles) = preSolution
		CKS.Dev.Core.Cmd.Shared\CKS.Dev.Core.Cmd.Shared.projitems*{40b6593f-a432-4c30-a98f-a28a1b92f1fe}*SharedItemsImports = 4
		CKS.Dev.Core.Cmd.Shared\CKS.Dev.Core.Cmd.Shared.projitems*{48f5e67c-85d6-4427-a2a9-fa6bd09d6156}*SharedItemsImports = 4
		CKS.Dev.Core.Cmd.Shared\CKS.Dev.Core.Cmd.Shared.projitems*{5f29a076-2355-464d-b113-5813a8631fd0}*SharedItemsImports = 4
		CKS.Dev.Core.Cmd.Shared\CKS.Dev.Core.Cmd.Shared.projitems*{7edaeee4-1a70-41a5-8a25-4778d3f91efb}*SharedItemsImports = 4
		CKS.Dev.Core.Shared\CKS.Dev.Core.Shared.projitems*{9ac6bc9e-2af1-484c-836d-5426d8371a9a}*SharedItemsImports = 13
		CKS.Dev.Core.Cmd.Shared\CKS.Dev.Core.Cmd.Shared.projitems*{9d135668-5702-4eff-a17e-e988a0c7ec95}*SharedItemsImports = 4
		CKS.Dev.Vsix.Shared\CKS.Dev.Vsix.Shared.projitems*{addd4bb9-1918-408c-b695-891df00f825f}*SharedItemsImports = 13
		CKS.Dev.Core.Cmd.Shared\CKS.Dev.Core.Cmd.Shared.projitems*{c35fe218-8b5d-4e40-8de6-07acf5b34138}*SharedItemsImports = 13
		CKS.Dev.Core.Cmd.Shared\CKS.Dev.Core.Cmd.Shared.projitems*{c6c29ac9-6656-4af5-98f0-7851a841cd4b}*SharedItemsImports = 4
	EndGlobalSection
EndGlobal
